
Microsoft Visual Studio Solution File, Format Version 12.00
# Visual Studio Version 16
VisualStudioVersion = 16.0.33214.272
MinimumVisualStudioVersion = 10.0.40219.1
Project("{FAE04EC0-301F-11D3-BF4B-00C04F79EFBC}") = "SIS.Website", "SIS.Website\SIS.Website.csproj", "{5EEAD198-69CC-4367-AD8C-757F86719BBF}"
EndProject
Project("{FAE04EC0-301F-11D3-BF4B-00C04F79EFBC}") = "SIS.DataStorage", "SIS.DataStorage\SIS.DataStorage.csproj", "{40D0646F-010F-47E5-B596-6796832C042F}"
EndProject
Project("{FAE04EC0-301F-11D3-BF4B-00C04F79EFBC}") = "SIS.Models", "SIS.Models\SIS.Models.csproj", "{A435AA80-C476-4731-ACAF-8043A3B2F70C}"
EndProject
Project("{FAE04EC0-301F-11D3-BF4B-00C04F79EFBC}") = "SIS.Reports", "SIS.Reports\SIS.Reports.csproj", "{154CE0DD-0B38-44C0-B784-FC98ABC10E62}"
EndProject
Project("{FAE04EC0-301F-11D3-BF4B-00C04F79EFBC}") = "SIS.Library", "SIS.Library\SIS.Library.csproj", "{17793F19-248B-419E-BB22-1AD645045D09}"
EndProject
Global
	GlobalSection(SolutionConfigurationPlatforms) = preSolution
		Debug|Any CPU = Debug|Any CPU
		Release|Any CPU = Release|Any CPU
	EndGlobalSection
	GlobalSection(ProjectConfigurationPlatforms) = postSolution
		{5EEAD198-69CC-4367-AD8C-757F86719BBF}.Debug|Any CPU.ActiveCfg = Debug|Any CPU
		{5EEAD198-69CC-4367-AD8C-757F86719BBF}.Debug|Any CPU.Build.0 = Debug|Any CPU
		{5EEAD198-69CC-4367-AD8C-757F86719BBF}.Release|Any CPU.ActiveCfg = Release|Any CPU
		{5EEAD198-69CC-4367-AD8C-757F86719BBF}.Release|Any CPU.Build.0 = Release|Any CPU
		{40D0646F-010F-47E5-B596-6796832C042F}.Debug|Any CPU.ActiveCfg = Debug|Any CPU
		{40D0646F-010F-47E5-B596-6796832C042F}.Debug|Any CPU.Build.0 = Debug|Any CPU
		{40D0646F-010F-47E5-B596-6796832C042F}.Release|Any CPU.ActiveCfg = Release|Any CPU
		{40D0646F-010F-47E5-B596-6796832C042F}.Release|Any CPU.Build.0 = Release|Any CPU
		{A435AA80-C476-4731-ACAF-8043A3B2F70C}.Debug|Any CPU.ActiveCfg = Debug|Any CPU
		{A435AA80-C476-4731-ACAF-8043A3B2F70C}.Debug|Any CPU.Build.0 = Debug|Any CPU
		{A435AA80-C476-4731-ACAF-8043A3B2F70C}.Release|Any CPU.ActiveCfg = Release|Any CPU
		{A435AA80-C476-4731-ACAF-8043A3B2F70C}.Release|Any CPU.Build.0 = Release|Any CPU
		{154CE0DD-0B38-44C0-B784-FC98ABC10E62}.Debug|Any CPU.ActiveCfg = Debug|Any CPU
		{154CE0DD-0B38-44C0-B784-FC98ABC10E62}.Debug|Any CPU.Build.0 = Debug|Any CPU
		{154CE0DD-0B38-44C0-B784-FC98ABC10E62}.Release|Any CPU.ActiveCfg = Release|Any CPU
		{154CE0DD-0B38-44C0-B784-FC98ABC10E62}.Release|Any CPU.Build.0 = Release|Any CPU
		{17793F19-248B-419E-BB22-1AD645045D09}.Debug|Any CPU.ActiveCfg = Debug|Any CPU
		{17793F19-248B-419E-BB22-1AD645045D09}.Debug|Any CPU.Build.0 = Debug|Any CPU
		{17793F19-248B-419E-BB22-1AD645045D09}.Release|Any CPU.ActiveCfg = Release|Any CPU
		{17793F19-248B-419E-BB22-1AD645045D09}.Release|Any CPU.Build.0 = Release|Any CPU
	EndGlobalSection
	GlobalSection(SolutionProperties) = preSolution
		HideSolutionNode = FALSE
	EndGlobalSection
	GlobalSection(ExtensibilityGlobals) = postSolution
		SolutionGuid = {7A13773C-E652-426F-A58F-BCA4C5468327}
	EndGlobalSection
EndGlobal
